{
  "name": "Web-trilogy",
  "lockfileVersion": 3,
  "requires": true,
  "packages": {
    "": {
      "dependencies": {
        "@tailwindplus/elements": "^1.0.18"
      }
    },
    "node_modules/@tailwindplus/elements": {
      "version": "1.0.18",
      "resolved": "https://registry.npmjs.org/@tailwindplus/elements/-/elements-1.0.18.tgz",
      "integrity": "sha512-JvqwL+6LwDIxC5zV9kAcI1wttpkUhgkGr7bcuYGH7fxnmgvVJglBERqlgPGGDXWB+lpuFgjgkvtK3pMm/7MvTA==",
      "license": "SEE LICENSE IN LICENSE.md"
    }
  }
}
